
Microsoft Visual Studio Solution File, Format Version 9.00
# Visual Studio 2005
Project("{F14B399A-7131-4C87-9E4B-1186C45EF12D}") = "RP-VentasIND", "RP-VentasIND\RP-VentasIND.rptproj", "{658F7F60-D142-4916-B6AB-7089CC9AC437}"
EndProject
Global
	GlobalSection(SolutionConfigurationPlatforms) = preSolution
		Debug|Default = Debug|Default
		DebugLocal|Default = DebugLocal|Default
		Production|Default = Production|Default
	EndGlobalSection
	GlobalSection(ProjectConfigurationPlatforms) = postSolution
		{658F7F60-D142-4916-B6AB-7089CC9AC437}.Debug|Default.ActiveCfg = Debug
		{658F7F60-D142-4916-B6AB-7089CC9AC437}.Debug|Default.Build.0 = DebugLocal
		{658F7F60-D142-4916-B6AB-7089CC9AC437}.Debug|Default.Deploy.0 = DebugLocal
		{658F7F60-D142-4916-B6AB-7089CC9AC437}.DebugLocal|Default.ActiveCfg = DebugLocal
		{658F7F60-D142-4916-B6AB-7089CC9AC437}.DebugLocal|Default.Build.0 = DebugLocal
		{658F7F60-D142-4916-B6AB-7089CC9AC437}.Production|Default.ActiveCfg = Production
		{658F7F60-D142-4916-B6AB-7089CC9AC437}.Production|Default.Build.0 = Production
		{658F7F60-D142-4916-B6AB-7089CC9AC437}.Production|Default.Deploy.0 = Production
	EndGlobalSection
	GlobalSection(SolutionProperties) = preSolution
		HideSolutionNode = FALSE
	EndGlobalSection
EndGlobal
