
Microsoft Visual Studio Solution File, Format Version 9.00
# Visual Studio 2005
Project("{F14B399A-7131-4C87-9E4B-1186C45EF12D}") = "Frecuencia Visita Vendedor", "Frecuencia Visita Vendedor\Frecuencia Visita Vendedor.rptproj", "{BFC57107-12F6-4C74-9D04-BD7042B85D4A}"
EndProject
Global
	GlobalSection(SolutionConfigurationPlatforms) = preSolution
		Debug|Default = Debug|Default
		DebugLocal|Default = DebugLocal|Default
		Production|Default = Production|Default
	EndGlobalSection
	GlobalSection(ProjectConfigurationPlatforms) = postSolution
		{BFC57107-12F6-4C74-9D04-BD7042B85D4A}.Debug|Default.ActiveCfg = Debug
		{BFC57107-12F6-4C74-9D04-BD7042B85D4A}.Debug|Default.Build.0 = DebugLocal
		{BFC57107-12F6-4C74-9D04-BD7042B85D4A}.Debug|Default.Deploy.0 = DebugLocal
		{BFC57107-12F6-4C74-9D04-BD7042B85D4A}.DebugLocal|Default.ActiveCfg = DebugLocal
		{BFC57107-12F6-4C74-9D04-BD7042B85D4A}.DebugLocal|Default.Build.0 = DebugLocal
		{BFC57107-12F6-4C74-9D04-BD7042B85D4A}.Production|Default.ActiveCfg = Production
		{BFC57107-12F6-4C74-9D04-BD7042B85D4A}.Production|Default.Build.0 = Production
		{BFC57107-12F6-4C74-9D04-BD7042B85D4A}.Production|Default.Deploy.0 = Production
	EndGlobalSection
	GlobalSection(SolutionProperties) = preSolution
		HideSolutionNode = FALSE
	EndGlobalSection
EndGlobal
